// !$*UTF8*$!
{
	archiveVersion = 1;
	classes = {
	};
	objectVersion = 55;
	objects = {

/* Begin PBXBuildFile section */
		84E567CC2723EAEB00E6F7FD /* AppDelegate.swift in Sources */ = {isa = PBXBuildFile; fileRef = 84E567CB2723EAEB00E6F7FD /* AppDelegate.swift */; };
		84E567CE2723EAEB00E6F7FD /* SceneDelegate.swift in Sources */ = {isa = PBXBuildFile; fileRef = 84E567CD2723EAEB00E6F7FD /* SceneDelegate.swift */; };
		84E567D52723EAED00E6F7FD /* Assets.xcassets in Resources */ = {isa = PBXBuildFile; fileRef = 84E567D42723EAED00E6F7FD /* Assets.xcassets */; };
		84E567D82723EAED00E6F7FD /* LaunchScreen.storyboard in Resources */ = {isa = PBXBuildFile; fileRef = 84E567D62723EAED00E6F7FD /* LaunchScreen.storyboard */; };
		84E567E32723EAED00E6F7FD /* TokyoSplashTests.swift in Sources */ = {isa = PBXBuildFile; fileRef = 84E567E22723EAED00E6F7FD /* TokyoSplashTests.swift */; };
		84E567ED2723EAED00E6F7FD /* TokyoSplashUITests.swift in Sources */ = {isa = PBXBuildFile; fileRef = 84E567EC2723EAED00E6F7FD /* TokyoSplashUITests.swift */; };
		84E567EF2723EAED00E6F7FD /* TokyoSplashUITestsLaunchTests.swift in Sources */ = {isa = PBXBuildFile; fileRef = 84E567EE2723EAED00E6F7FD /* TokyoSplashUITestsLaunchTests.swift */; };
		84E568002723F74D00E6F7FD /* NetworkServices.swift in Sources */ = {isa = PBXBuildFile; fileRef = 84E567FF2723F74D00E6F7FD /* NetworkServices.swift */; };
		84E568022723FBBA00E6F7FD /* NetworkRoute.swift in Sources */ = {isa = PBXBuildFile; fileRef = 84E568012723FBBA00E6F7FD /* NetworkRoute.swift */; };
		84E568052723FC3C00E6F7FD /* NetworkTypealias.swift in Sources */ = {isa = PBXBuildFile; fileRef = 84E568042723FC3C00E6F7FD /* NetworkTypealias.swift */; };
		84E568072723FC6A00E6F7FD /* NetworkEndPoint.swift in Sources */ = {isa = PBXBuildFile; fileRef = 84E568062723FC6A00E6F7FD /* NetworkEndPoint.swift */; };
		84E568092723FE8400E6F7FD /* Constant.swift in Sources */ = {isa = PBXBuildFile; fileRef = 84E568082723FE8400E6F7FD /* Constant.swift */; };
		84E5680C2724478200E6F7FD /* Coordinator.swift in Sources */ = {isa = PBXBuildFile; fileRef = 84E5680B2724478200E6F7FD /* Coordinator.swift */; };
		84E5680E2724479F00E6F7FD /* AppCoordinator.swift in Sources */ = {isa = PBXBuildFile; fileRef = 84E5680D2724479F00E6F7FD /* AppCoordinator.swift */; };
		84E56812272447C300E6F7FD /* MainViewController.swift in Sources */ = {isa = PBXBuildFile; fileRef = 84E56810272447C300E6F7FD /* MainViewController.swift */; };
		84E56813272447C300E6F7FD /* MainViewController.xib in Resources */ = {isa = PBXBuildFile; fileRef = 84E56811272447C300E6F7FD /* MainViewController.xib */; };
		84E56815272458ED00E6F7FD /* CoordinatorTests.swift in Sources */ = {isa = PBXBuildFile; fileRef = 84E56814272458ED00E6F7FD /* CoordinatorTests.swift */; };
		84E568172724DF7E00E6F7FD /* TokyoCollectionLayout.swift in Sources */ = {isa = PBXBuildFile; fileRef = 84E568162724DF7D00E6F7FD /* TokyoCollectionLayout.swift */; };
		84E5681A2724ED8A00E6F7FD /* UINavigationController+Extension.swift in Sources */ = {isa = PBXBuildFile; fileRef = 84E568192724ED8A00E6F7FD /* UINavigationController+Extension.swift */; };
/* End PBXBuildFile section */

/* Begin PBXContainerItemProxy section */
		84E567DF2723EAED00E6F7FD /* PBXContainerItemProxy */ = {
			isa = PBXContainerItemProxy;
			containerPortal = 84E567C02723EAEB00E6F7FD /* Project object */;
			proxyType = 1;
			remoteGlobalIDString = 84E567C72723EAEB00E6F7FD;
			remoteInfo = TokyoSplash;
		};
		84E567E92723EAED00E6F7FD /* PBXContainerItemProxy */ = {
			isa = PBXContainerItemProxy;
			containerPortal = 84E567C02723EAEB00E6F7FD /* Project object */;
			proxyType = 1;
			remoteGlobalIDString = 84E567C72723EAEB00E6F7FD;
			remoteInfo = TokyoSplash;
		};
/* End PBXContainerItemProxy section */

/* Begin PBXFileReference section */
		84E567C82723EAEB00E6F7FD /* TokyoSplash.app */ = {isa = PBXFileReference; explicitFileType = wrapper.application; includeInIndex = 0; path = TokyoSplash.app; sourceTree = BUILT_PRODUCTS_DIR; };
		84E567CB2723EAEB00E6F7FD /* AppDelegate.swift */ = {isa = PBXFileReference; lastKnownFileType = sourcecode.swift; path = AppDelegate.swift; sourceTree = "<group>"; };
		84E567CD2723EAEB00E6F7FD /* SceneDelegate.swift */ = {isa = PBXFileReference; lastKnownFileType = sourcecode.swift; path = SceneDelegate.swift; sourceTree = "<group>"; };
		84E567D42723EAED00E6F7FD /* Assets.xcassets */ = {isa = PBXFileReference; lastKnownFileType = folder.assetcatalog; path = Assets.xcassets; sourceTree = "<group>"; };
		84E567D72723EAED00E6F7FD /* Base */ = {isa = PBXFileReference; lastKnownFileType = file.storyboard; name = Base; path = Base.lproj/LaunchScreen.storyboard; sourceTree = "<group>"; };
		84E567D92723EAED00E6F7FD /* Info.plist */ = {isa = PBXFileReference; lastKnownFileType = text.plist.xml; path = Info.plist; sourceTree = "<group>"; };
		84E567DE2723EAED00E6F7FD /* TokyoSplashTests.xctest */ = {isa = PBXFileReference; explicitFileType = wrapper.cfbundle; includeInIndex = 0; path = TokyoSplashTests.xctest; sourceTree = BUILT_PRODUCTS_DIR; };
		84E567E22723EAED00E6F7FD /* TokyoSplashTests.swift */ = {isa = PBXFileReference; lastKnownFileType = sourcecode.swift; path = TokyoSplashTests.swift; sourceTree = "<group>"; };
		84E567E82723EAED00E6F7FD /* TokyoSplashUITests.xctest */ = {isa = PBXFileReference; explicitFileType = wrapper.cfbundle; includeInIndex = 0; path = TokyoSplashUITests.xctest; sourceTree = BUILT_PRODUCTS_DIR; };
		84E567EC2723EAED00E6F7FD /* TokyoSplashUITests.swift */ = {isa = PBXFileReference; lastKnownFileType = sourcecode.swift; path = TokyoSplashUITests.swift; sourceTree = "<group>"; };
		84E567EE2723EAED00E6F7FD /* TokyoSplashUITestsLaunchTests.swift */ = {isa = PBXFileReference; lastKnownFileType = sourcecode.swift; path = TokyoSplashUITestsLaunchTests.swift; sourceTree = "<group>"; };
		84E567FF2723F74D00E6F7FD /* NetworkServices.swift */ = {isa = PBXFileReference; lastKnownFileType = sourcecode.swift; path = NetworkServices.swift; sourceTree = "<group>"; };
		84E568012723FBBA00E6F7FD /* NetworkRoute.swift */ = {isa = PBXFileReference; lastKnownFileType = sourcecode.swift; path = NetworkRoute.swift; sourceTree = "<group>"; };
		84E568042723FC3C00E6F7FD /* NetworkTypealias.swift */ = {isa = PBXFileReference; lastKnownFileType = sourcecode.swift; path = NetworkTypealias.swift; sourceTree = "<group>"; };
		84E568062723FC6A00E6F7FD /* NetworkEndPoint.swift */ = {isa = PBXFileReference; lastKnownFileType = sourcecode.swift; path = NetworkEndPoint.swift; sourceTree = "<group>"; };
		84E568082723FE8400E6F7FD /* Constant.swift */ = {isa = PBXFileReference; lastKnownFileType = sourcecode.swift; path = Constant.swift; sourceTree = "<group>"; };
		84E5680B2724478200E6F7FD /* Coordinator.swift */ = {isa = PBXFileReference; lastKnownFileType = sourcecode.swift; path = Coordinator.swift; sourceTree = "<group>"; };
		84E5680D2724479F00E6F7FD /* AppCoordinator.swift */ = {isa = PBXFileReference; lastKnownFileType = sourcecode.swift; path = AppCoordinator.swift; sourceTree = "<group>"; };
		84E56810272447C300E6F7FD /* MainViewController.swift */ = {isa = PBXFileReference; lastKnownFileType = sourcecode.swift; path = MainViewController.swift; sourceTree = "<group>"; };
		84E56811272447C300E6F7FD /* MainViewController.xib */ = {isa = PBXFileReference; lastKnownFileType = file.xib; path = MainViewController.xib; sourceTree = "<group>"; };
		84E56814272458ED00E6F7FD /* CoordinatorTests.swift */ = {isa = PBXFileReference; lastKnownFileType = sourcecode.swift; path = CoordinatorTests.swift; sourceTree = "<group>"; };
		84E568162724DF7D00E6F7FD /* TokyoCollectionLayout.swift */ = {isa = PBXFileReference; lastKnownFileType = sourcecode.swift; path = TokyoCollectionLayout.swift; sourceTree = "<group>"; };
		84E568192724ED8A00E6F7FD /* UINavigationController+Extension.swift */ = {isa = PBXFileReference; lastKnownFileType = sourcecode.swift; path = "UINavigationController+Extension.swift"; sourceTree = "<group>"; };
/* End PBXFileReference section */

/* Begin PBXFrameworksBuildPhase section */
		84E567C52723EAEB00E6F7FD /* Frameworks */ = {
			isa = PBXFrameworksBuildPhase;
			buildActionMask = 2147483647;
			files = (
			);
			runOnlyForDeploymentPostprocessing = 0;
		};
		84E567DB2723EAED00E6F7FD /* Frameworks */ = {
			isa = PBXFrameworksBuildPhase;
			buildActionMask = 2147483647;
			files = (
			);
			runOnlyForDeploymentPostprocessing = 0;
		};
		84E567E52723EAED00E6F7FD /* Frameworks */ = {
			isa = PBXFrameworksBuildPhase;
			buildActionMask = 2147483647;
			files = (
			);
			runOnlyForDeploymentPostprocessing = 0;
		};
/* End PBXFrameworksBuildPhase section */

/* Begin PBXGroup section */
		84E567BF2723EAEB00E6F7FD = {
			isa = PBXGroup;
			children = (
				84E567CA2723EAEB00E6F7FD /* TokyoSplash */,
				84E567E12723EAED00E6F7FD /* TokyoSplashTests */,
				84E567EB2723EAED00E6F7FD /* TokyoSplashUITests */,
				84E567C92723EAEB00E6F7FD /* Products */,
			);
			sourceTree = "<group>";
		};
		84E567C92723EAEB00E6F7FD /* Products */ = {
			isa = PBXGroup;
			children = (
				84E567C82723EAEB00E6F7FD /* TokyoSplash.app */,
				84E567DE2723EAED00E6F7FD /* TokyoSplashTests.xctest */,
				84E567E82723EAED00E6F7FD /* TokyoSplashUITests.xctest */,
			);
			name = Products;
			sourceTree = "<group>";
		};
		84E567CA2723EAEB00E6F7FD /* TokyoSplash */ = {
			isa = PBXGroup;
			children = (
				84E567FE2723F73A00E6F7FD /* Helpers */,
				84E567FD2723F4BF00E6F7FD /* Modules */,
				84E567CB2723EAEB00E6F7FD /* AppDelegate.swift */,
				84E567CD2723EAEB00E6F7FD /* SceneDelegate.swift */,
				84E567D42723EAED00E6F7FD /* Assets.xcassets */,
				84E567D62723EAED00E6F7FD /* LaunchScreen.storyboard */,
				84E567D92723EAED00E6F7FD /* Info.plist */,
			);
			path = TokyoSplash;
			sourceTree = "<group>";
		};
		84E567E12723EAED00E6F7FD /* TokyoSplashTests */ = {
			isa = PBXGroup;
			children = (
				84E567E22723EAED00E6F7FD /* TokyoSplashTests.swift */,
				84E56814272458ED00E6F7FD /* CoordinatorTests.swift */,
			);
			path = TokyoSplashTests;
			sourceTree = "<group>";
		};
		84E567EB2723EAED00E6F7FD /* TokyoSplashUITests */ = {
			isa = PBXGroup;
			children = (
				84E567EC2723EAED00E6F7FD /* TokyoSplashUITests.swift */,
				84E567EE2723EAED00E6F7FD /* TokyoSplashUITestsLaunchTests.swift */,
			);
			path = TokyoSplashUITests;
			sourceTree = "<group>";
		};
		84E567FD2723F4BF00E6F7FD /* Modules */ = {
			isa = PBXGroup;
			children = (
				84E5680F272447B300E6F7FD /* Main */,
			);
			path = Modules;
			sourceTree = "<group>";
		};
		84E567FE2723F73A00E6F7FD /* Helpers */ = {
			isa = PBXGroup;
			children = (
				84E568182724ED7600E6F7FD /* Extensions */,
				84E5680A2724477600E6F7FD /* Coordinator */,
				84E568032723FC1F00E6F7FD /* Services */,
				84E568082723FE8400E6F7FD /* Constant.swift */,
				84E568162724DF7D00E6F7FD /* TokyoCollectionLayout.swift */,
			);
			path = Helpers;
			sourceTree = "<group>";
		};
		84E568032723FC1F00E6F7FD /* Services */ = {
			isa = PBXGroup;
			children = (
				84E567FF2723F74D00E6F7FD /* NetworkServices.swift */,
				84E568012723FBBA00E6F7FD /* NetworkRoute.swift */,
				84E568042723FC3C00E6F7FD /* NetworkTypealias.swift */,
				84E568062723FC6A00E6F7FD /* NetworkEndPoint.swift */,
			);
			path = Services;
			sourceTree = "<group>";
		};
		84E5680A2724477600E6F7FD /* Coordinator */ = {
			isa = PBXGroup;
			children = (
				84E5680B2724478200E6F7FD /* Coordinator.swift */,
				84E5680D2724479F00E6F7FD /* AppCoordinator.swift */,
			);
			path = Coordinator;
			sourceTree = "<group>";
		};
		84E5680F272447B300E6F7FD /* Main */ = {
			isa = PBXGroup;
			children = (
				84E56810272447C300E6F7FD /* MainViewController.swift */,
				84E56811272447C300E6F7FD /* MainViewController.xib */,
			);
			path = Main;
			sourceTree = "<group>";
		};
		84E568182724ED7600E6F7FD /* Extensions */ = {
			isa = PBXGroup;
			children = (
				84E568192724ED8A00E6F7FD /* UINavigationController+Extension.swift */,
			);
			path = Extensions;
			sourceTree = "<group>";
		};
/* End PBXGroup section */

/* Begin PBXNativeTarget section */
		84E567C72723EAEB00E6F7FD /* TokyoSplash */ = {
			isa = PBXNativeTarget;
			buildConfigurationList = 84E567F22723EAED00E6F7FD /* Build configuration list for PBXNativeTarget "TokyoSplash" */;
			buildPhases = (
				84E567C42723EAEB00E6F7FD /* Sources */,
				84E567C52723EAEB00E6F7FD /* Frameworks */,
				84E567C62723EAEB00E6F7FD /* Resources */,
			);
			buildRules = (
			);
			dependencies = (
			);
			name = TokyoSplash;
			productName = TokyoSplash;
			productReference = 84E567C82723EAEB00E6F7FD /* TokyoSplash.app */;
			productType = "com.apple.product-type.application";
		};
		84E567DD2723EAED00E6F7FD /* TokyoSplashTests */ = {
			isa = PBXNativeTarget;
			buildConfigurationList = 84E567F52723EAED00E6F7FD /* Build configuration list for PBXNativeTarget "TokyoSplashTests" */;
			buildPhases = (
				84E567DA2723EAED00E6F7FD /* Sources */,
				84E567DB2723EAED00E6F7FD /* Frameworks */,
				84E567DC2723EAED00E6F7FD /* Resources */,
			);
			buildRules = (
			);
			dependencies = (
				84E567E02723EAED00E6F7FD /* PBXTargetDependency */,
			);
			name = TokyoSplashTests;
			productName = TokyoSplashTests;
			productReference = 84E567DE2723EAED00E6F7FD /* TokyoSplashTests.xctest */;
			productType = "com.apple.product-type.bundle.unit-test";
		};
		84E567E72723EAED00E6F7FD /* TokyoSplashUITests */ = {
			isa = PBXNativeTarget;
			buildConfigurationList = 84E567F82723EAED00E6F7FD /* Build configuration list for PBXNativeTarget "TokyoSplashUITests" */;
			buildPhases = (
				84E567E42723EAED00E6F7FD /* Sources */,
				84E567E52723EAED00E6F7FD /* Frameworks */,
				84E567E62723EAED00E6F7FD /* Resources */,
			);
			buildRules = (
			);
			dependencies = (
				84E567EA2723EAED00E6F7FD /* PBXTargetDependency */,
			);
			name = TokyoSplashUITests;
			productName = TokyoSplashUITests;
			productReference = 84E567E82723EAED00E6F7FD /* TokyoSplashUITests.xctest */;
			productType = "com.apple.product-type.bundle.ui-testing";
		};
/* End PBXNativeTarget section */

/* Begin PBXProject section */
		84E567C02723EAEB00E6F7FD /* Project object */ = {
			isa = PBXProject;
			attributes = {
				BuildIndependentTargetsInParallel = 1;
				LastSwiftUpdateCheck = 1300;
				LastUpgradeCheck = 1300;
				TargetAttributes = {
					84E567C72723EAEB00E6F7FD = {
						CreatedOnToolsVersion = 13.0;
					};
					84E567DD2723EAED00E6F7FD = {
						CreatedOnToolsVersion = 13.0;
						TestTargetID = 84E567C72723EAEB00E6F7FD;
					};
					84E567E72723EAED00E6F7FD = {
						CreatedOnToolsVersion = 13.0;
						TestTargetID = 84E567C72723EAEB00E6F7FD;
					};
				};
			};
			buildConfigurationList = 84E567C32723EAEB00E6F7FD /* Build configuration list for PBXProject "TokyoSplash" */;
			compatibilityVersion = "Xcode 13.0";
			developmentRegion = en;
			hasScannedForEncodings = 0;
			knownRegions = (
				en,
				Base,
			);
			mainGroup = 84E567BF2723EAEB00E6F7FD;
			productRefGroup = 84E567C92723EAEB00E6F7FD /* Products */;
			projectDirPath = "";
			projectRoot = "";
			targets = (
				84E567C72723EAEB00E6F7FD /* TokyoSplash */,
				84E567DD2723EAED00E6F7FD /* TokyoSplashTests */,
				84E567E72723EAED00E6F7FD /* TokyoSplashUITests */,
			);
		};
/* End PBXProject section */

/* Begin PBXResourcesBuildPhase section */
		84E567C62723EAEB00E6F7FD /* Resources */ = {
			isa = PBXResourcesBuildPhase;
			buildActionMask = 2147483647;
			files = (
				84E567D82723EAED00E6F7FD /* LaunchScreen.storyboard in Resources */,
				84E567D52723EAED00E6F7FD /* Assets.xcassets in Resources */,
				84E56813272447C300E6F7FD /* MainViewController.xib in Resources */,
			);
			runOnlyForDeploymentPostprocessing = 0;
		};
		84E567DC2723EAED00E6F7FD /* Resources */ = {
			isa = PBXResourcesBuildPhase;
			buildActionMask = 2147483647;
			files = (
			);
			runOnlyForDeploymentPostprocessing = 0;
		};
		84E567E62723EAED00E6F7FD /* Resources */ = {
			isa = PBXResourcesBuildPhase;
			buildActionMask = 2147483647;
			files = (
			);
			runOnlyForDeploymentPostprocessing = 0;
		};
/* End PBXResourcesBuildPhase section */

/* Begin PBXSourcesBuildPhase section */
		84E567C42723EAEB00E6F7FD /* Sources */ = {
			isa = PBXSourcesBuildPhase;
			buildActionMask = 2147483647;
			files = (
				84E568172724DF7E00E6F7FD /* TokyoCollectionLayout.swift in Sources */,
				84E56812272447C300E6F7FD /* MainViewController.swift in Sources */,
				84E568052723FC3C00E6F7FD /* NetworkTypealias.swift in Sources */,
				84E5680E2724479F00E6F7FD /* AppCoordinator.swift in Sources */,
				84E567CC2723EAEB00E6F7FD /* AppDelegate.swift in Sources */,
				84E568092723FE8400E6F7FD /* Constant.swift in Sources */,
				84E568072723FC6A00E6F7FD /* NetworkEndPoint.swift in Sources */,
				84E568022723FBBA00E6F7FD /* NetworkRoute.swift in Sources */,
				84E568002723F74D00E6F7FD /* NetworkServices.swift in Sources */,
				84E567CE2723EAEB00E6F7FD /* SceneDelegate.swift in Sources */,
				84E5680C2724478200E6F7FD /* Coordinator.swift in Sources */,
				84E5681A2724ED8A00E6F7FD /* UINavigationController+Extension.swift in Sources */,
			);
			runOnlyForDeploymentPostprocessing = 0;
		};
		84E567DA2723EAED00E6F7FD /* Sources */ = {
			isa = PBXSourcesBuildPhase;
			buildActionMask = 2147483647;
			files = (
				84E56815272458ED00E6F7FD /* CoordinatorTests.swift in Sources */,
				84E567E32723EAED00E6F7FD /* TokyoSplashTests.swift in Sources */,
			);
			runOnlyForDeploymentPostprocessing = 0;
		};
		84E567E42723EAED00E6F7FD /* Sources */ = {
			isa = PBXSourcesBuildPhase;
			buildActionMask = 2147483647;
			files = (
				84E567EF2723EAED00E6F7FD /* TokyoSplashUITestsLaunchTests.swift in Sources */,
				84E567ED2723EAED00E6F7FD /* TokyoSplashUITests.swift in Sources */,
			);
			runOnlyForDeploymentPostprocessing = 0;
		};
/* End PBXSourcesBuildPhase section */

/* Begin PBXTargetDependency section */
		84E567E02723EAED00E6F7FD /* PBXTargetDependency */ = {
			isa = PBXTargetDependency;
			target = 84E567C72723EAEB00E6F7FD /* TokyoSplash */;
			targetProxy = 84E567DF2723EAED00E6F7FD /* PBXContainerItemProxy */;
		};
		84E567EA2723EAED00E6F7FD /* PBXTargetDependency */ = {
			isa = PBXTargetDependency;
			target = 84E567C72723EAEB00E6F7FD /* TokyoSplash */;
			targetProxy = 84E567E92723EAED00E6F7FD /* PBXContainerItemProxy */;
		};
/* End PBXTargetDependency section */

/* Begin PBXVariantGroup section */
		84E567D62723EAED00E6F7FD /* LaunchScreen.storyboard */ = {
			isa = PBXVariantGroup;
			children = (
				84E567D72723EAED00E6F7FD /* Base */,
			);
			name = LaunchScreen.storyboard;
			sourceTree = "<group>";
		};
/* End PBXVariantGroup section */

/* Begin XCBuildConfiguration section */
		84E567F02723EAED00E6F7FD /* Debug */ = {
			isa = XCBuildConfiguration;
			buildSettings = {
				ALWAYS_SEARCH_USER_PATHS = NO;
				CLANG_ANALYZER_NONNULL = YES;
				CLANG_ANALYZER_NUMBER_OBJECT_CONVERSION = YES_AGGRESSIVE;
				CLANG_CXX_LANGUAGE_STANDARD = "gnu++17";
				CLANG_CXX_LIBRARY = "libc++";
				CLANG_ENABLE_MODULES = YES;
				CLANG_ENABLE_OBJC_ARC = YES;
				CLANG_ENABLE_OBJC_WEAK = YES;
				CLANG_WARN_BLOCK_CAPTURE_AUTORELEASING = YES;
				CLANG_WARN_BOOL_CONVERSION = YES;
				CLANG_WARN_COMMA = YES;
				CLANG_WARN_CONSTANT_CONVERSION = YES;
				CLANG_WARN_DEPRECATED_OBJC_IMPLEMENTATIONS = YES;
				CLANG_WARN_DIRECT_OBJC_ISA_USAGE = YES_ERROR;
				CLANG_WARN_DOCUMENTATION_COMMENTS = YES;
				CLANG_WARN_EMPTY_BODY = YES;
				CLANG_WARN_ENUM_CONVERSION = YES;
				CLANG_WARN_INFINITE_RECURSION = YES;
				CLANG_WARN_INT_CONVERSION = YES;
				CLANG_WARN_NON_LITERAL_NULL_CONVERSION = YES;
				CLANG_WARN_OBJC_IMPLICIT_RETAIN_SELF = YES;
				CLANG_WARN_OBJC_LITERAL_CONVERSION = YES;
				CLANG_WARN_OBJC_ROOT_CLASS = YES_ERROR;
				CLANG_WARN_QUOTED_INCLUDE_IN_FRAMEWORK_HEADER = YES;
				CLANG_WARN_RANGE_LOOP_ANALYSIS = YES;
				CLANG_WARN_STRICT_PROTOTYPES = YES;
				CLANG_WARN_SUSPICIOUS_MOVE = YES;
				CLANG_WARN_UNGUARDED_AVAILABILITY = YES_AGGRESSIVE;
				CLANG_WARN_UNREACHABLE_CODE = YES;
				CLANG_WARN__DUPLICATE_METHOD_MATCH = YES;
				COPY_PHASE_STRIP = NO;
				DEBUG_INFORMATION_FORMAT = dwarf;
				ENABLE_STRICT_OBJC_MSGSEND = YES;
				ENABLE_TESTABILITY = YES;
				GCC_C_LANGUAGE_STANDARD = gnu11;
				GCC_DYNAMIC_NO_PIC = NO;
				GCC_NO_COMMON_BLOCKS = YES;
				GCC_OPTIMIZATION_LEVEL = 0;
				GCC_PREPROCESSOR_DEFINITIONS = (
					"DEBUG=1",
					"$(inherited)",
				);
				GCC_WARN_64_TO_32_BIT_CONVERSION = YES;
				GCC_WARN_ABOUT_RETURN_TYPE = YES_ERROR;
				GCC_WARN_UNDECLARED_SELECTOR = YES;
				GCC_WARN_UNINITIALIZED_AUTOS = YES_AGGRESSIVE;
				GCC_WARN_UNUSED_FUNCTION = YES;
				GCC_WARN_UNUSED_VARIABLE = YES;
				IPHONEOS_DEPLOYMENT_TARGET = 13.0;
				MTL_ENABLE_DEBUG_INFO = INCLUDE_SOURCE;
				MTL_FAST_MATH = YES;
				ONLY_ACTIVE_ARCH = YES;
				SDKROOT = iphoneos;
				SWIFT_ACTIVE_COMPILATION_CONDITIONS = DEBUG;
				SWIFT_OPTIMIZATION_LEVEL = "-Onone";
			};
			name = Debug;
		};
		84E567F12723EAED00E6F7FD /* Release */ = {
			isa = XCBuildConfiguration;
			buildSettings = {
				ALWAYS_SEARCH_USER_PATHS = NO;
				CLANG_ANALYZER_NONNULL = YES;
				CLANG_ANALYZER_NUMBER_OBJECT_CONVERSION = YES_AGGRESSIVE;
				CLANG_CXX_LANGUAGE_STANDARD = "gnu++17";
				CLANG_CXX_LIBRARY = "libc++";
				CLANG_ENABLE_MODULES = YES;
				CLANG_ENABLE_OBJC_ARC = YES;
				CLANG_ENABLE_OBJC_WEAK = YES;
				CLANG_WARN_BLOCK_CAPTURE_AUTORELEASING = YES;
				CLANG_WARN_BOOL_CONVERSION = YES;
				CLANG_WARN_COMMA = YES;
				CLANG_WARN_CONSTANT_CONVERSION = YES;
				CLANG_WARN_DEPRECATED_OBJC_IMPLEMENTATIONS = YES;
				CLANG_WARN_DIRECT_OBJC_ISA_USAGE = YES_ERROR;
				CLANG_WARN_DOCUMENTATION_COMMENTS = YES;
				CLANG_WARN_EMPTY_BODY = YES;
				CLANG_WARN_ENUM_CONVERSION = YES;
				CLANG_WARN_INFINITE_RECURSION = YES;
				CLANG_WARN_INT_CONVERSION = YES;
				CLANG_WARN_NON_LITERAL_NULL_CONVERSION = YES;
				CLANG_WARN_OBJC_IMPLICIT_RETAIN_SELF = YES;
				CLANG_WARN_OBJC_LITERAL_CONVERSION = YES;
				CLANG_WARN_OBJC_ROOT_CLASS = YES_ERROR;
				CLANG_WARN_QUOTED_INCLUDE_IN_FRAMEWORK_HEADER = YES;
				CLANG_WARN_RANGE_LOOP_ANALYSIS = YES;
				CLANG_WARN_STRICT_PROTOTYPES = YES;
				CLANG_WARN_SUSPICIOUS_MOVE = YES;
				CLANG_WARN_UNGUARDED_AVAILABILITY = YES_AGGRESSIVE;
				CLANG_WARN_UNREACHABLE_CODE = YES;
				CLANG_WARN__DUPLICATE_METHOD_MATCH = YES;
				COPY_PHASE_STRIP = NO;
				DEBUG_INFORMATION_FORMAT = "dwarf-with-dsym";
				ENABLE_NS_ASSERTIONS = NO;
				ENABLE_STRICT_OBJC_MSGSEND = YES;
				GCC_C_LANGUAGE_STANDARD = gnu11;
				GCC_NO_COMMON_BLOCKS = YES;
				GCC_WARN_64_TO_32_BIT_CONVERSION = YES;
				GCC_WARN_ABOUT_RETURN_TYPE = YES_ERROR;
				GCC_WARN_UNDECLARED_SELECTOR = YES;
				GCC_WARN_UNINITIALIZED_AUTOS = YES_AGGRESSIVE;
				GCC_WARN_UNUSED_FUNCTION = YES;
				GCC_WARN_UNUSED_VARIABLE = YES;
				IPHONEOS_DEPLOYMENT_TARGET = 13.0;
				MTL_ENABLE_DEBUG_INFO = NO;
				MTL_FAST_MATH = YES;
				SDKROOT = iphoneos;
				SWIFT_COMPILATION_MODE = wholemodule;
				SWIFT_OPTIMIZATION_LEVEL = "-O";
				VALIDATE_PRODUCT = YES;
			};
			name = Release;
		};
		84E567F32723EAED00E6F7FD /* Debug */ = {
			isa = XCBuildConfiguration;
			buildSettings = {
				ASSETCATALOG_COMPILER_APPICON_NAME = AppIcon;
				ASSETCATALOG_COMPILER_GLOBAL_ACCENT_COLOR_NAME = AccentColor;
				CODE_SIGN_STYLE = Automatic;
				CURRENT_PROJECT_VERSION = 1;
				DEVELOPMENT_TEAM = 8GH3U9J536;
				GENERATE_INFOPLIST_FILE = YES;
				INFOPLIST_FILE = TokyoSplash/Info.plist;
				INFOPLIST_KEY_UIApplicationSupportsIndirectInputEvents = YES;
				INFOPLIST_KEY_UILaunchStoryboardName = LaunchScreen;
				INFOPLIST_KEY_UISupportedInterfaceOrientations_iPad = "UIInterfaceOrientationPortrait UIInterfaceOrientationPortraitUpsideDown UIInterfaceOrientationLandscapeLeft UIInterfaceOrientationLandscapeRight";
				INFOPLIST_KEY_UISupportedInterfaceOrientations_iPhone = "UIInterfaceOrientationPortrait UIInterfaceOrientationLandscapeLeft UIInterfaceOrientationLandscapeRight";
				IPHONEOS_DEPLOYMENT_TARGET = 13.0;
				LD_RUNPATH_SEARCH_PATHS = (
					"$(inherited)",
					"@executable_path/Frameworks",
				);
				MARKETING_VERSION = 1.0;
				PRODUCT_BUNDLE_IDENTIFIER = id.co.chrizers.TokyoSplash;
				PRODUCT_NAME = "$(TARGET_NAME)";
				SWIFT_EMIT_LOC_STRINGS = YES;
				SWIFT_VERSION = 5.0;
				TARGETED_DEVICE_FAMILY = "1,2";
			};
			name = Debug;
		};
		84E567F42723EAED00E6F7FD /* Release */ = {
			isa = XCBuildConfiguration;
			buildSettings = {
				ASSETCATALOG_COMPILER_APPICON_NAME = AppIcon;
				ASSETCATALOG_COMPILER_GLOBAL_ACCENT_COLOR_NAME = AccentColor;
				CODE_SIGN_STYLE = Automatic;
				CURRENT_PROJECT_VERSION = 1;
				DEVELOPMENT_TEAM = 8GH3U9J536;
				GENERATE_INFOPLIST_FILE = YES;
				INFOPLIST_FILE = TokyoSplash/Info.plist;
				INFOPLIST_KEY_UIApplicationSupportsIndirectInputEvents = YES;
				INFOPLIST_KEY_UILaunchStoryboardName = LaunchScreen;
				INFOPLIST_KEY_UISupportedInterfaceOrientations_iPad = "UIInterfaceOrientationPortrait UIInterfaceOrientationPortraitUpsideDown UIInterfaceOrientationLandscapeLeft UIInterfaceOrientationLandscapeRight";
				INFOPLIST_KEY_UISupportedInterfaceOrientations_iPhone = "UIInterfaceOrientationPortrait UIInterfaceOrientationLandscapeLeft UIInterfaceOrientationLandscapeRight";
				IPHONEOS_DEPLOYMENT_TARGET = 13.0;
				LD_RUNPATH_SEARCH_PATHS = (
					"$(inherited)",
					"@executable_path/Frameworks",
				);
				MARKETING_VERSION = 1.0;
				PRODUCT_BUNDLE_IDENTIFIER = id.co.chrizers.TokyoSplash;
				PRODUCT_NAME = "$(TARGET_NAME)";
				SWIFT_EMIT_LOC_STRINGS = YES;
				SWIFT_VERSION = 5.0;
				TARGETED_DEVICE_FAMILY = "1,2";
			};
			name = Release;
		};
		84E567F62723EAED00E6F7FD /* Debug */ = {
			isa = XCBuildConfiguration;
			buildSettings = {
				ALWAYS_EMBED_SWIFT_STANDARD_LIBRARIES = YES;
				BUNDLE_LOADER = "$(TEST_HOST)";
				CODE_SIGN_STYLE = Automatic;
				CURRENT_PROJECT_VERSION = 1;
				DEVELOPMENT_TEAM = 8GH3U9J536;
				GENERATE_INFOPLIST_FILE = YES;
				IPHONEOS_DEPLOYMENT_TARGET = 15.0;
				LD_RUNPATH_SEARCH_PATHS = (
					"$(inherited)",
					"@executable_path/Frameworks",
					"@loader_path/Frameworks",
				);
				MARKETING_VERSION = 1.0;
				PRODUCT_BUNDLE_IDENTIFIER = id.co.chrizers.TokyoSplashTests;
				PRODUCT_NAME = "$(TARGET_NAME)";
				SWIFT_EMIT_LOC_STRINGS = NO;
				SWIFT_VERSION = 5.0;
				TARGETED_DEVICE_FAMILY = "1,2";
				TEST_HOST = "$(BUILT_PRODUCTS_DIR)/TokyoSplash.app/TokyoSplash";
			};
			name = Debug;
		};
		84E567F72723EAED00E6F7FD /* Release */ = {
			isa = XCBuildConfiguration;
			buildSettings = {
				ALWAYS_EMBED_SWIFT_STANDARD_LIBRARIES = YES;
				BUNDLE_LOADER = "$(TEST_HOST)";
				CODE_SIGN_STYLE = Automatic;
				CURRENT_PROJECT_VERSION = 1;
				DEVELOPMENT_TEAM = 8GH3U9J536;
				GENERATE_INFOPLIST_FILE = YES;
				IPHONEOS_DEPLOYMENT_TARGET = 15.0;
				LD_RUNPATH_SEARCH_PATHS = (
					"$(inherited)",
					"@executable_path/Frameworks",
					"@loader_path/Frameworks",
				);
				MARKETING_VERSION = 1.0;
				PRODUCT_BUNDLE_IDENTIFIER = id.co.chrizers.TokyoSplashTests;
				PRODUCT_NAME = "$(TARGET_NAME)";
				SWIFT_EMIT_LOC_STRINGS = NO;
				SWIFT_VERSION = 5.0;
				TARGETED_DEVICE_FAMILY = "1,2";
				TEST_HOST = "$(BUILT_PRODUCTS_DIR)/TokyoSplash.app/TokyoSplash";
			};
			name = Release;
		};
		84E567F92723EAED00E6F7FD /* Debug */ = {
			isa = XCBuildConfiguration;
			buildSettings = {
				ALWAYS_EMBED_SWIFT_STANDARD_LIBRARIES = YES;
				CODE_SIGN_STYLE = Automatic;
				CURRENT_PROJECT_VERSION = 1;
				DEVELOPMENT_TEAM = 8GH3U9J536;
				GENERATE_INFOPLIST_FILE = YES;
				LD_RUNPATH_SEARCH_PATHS = (
					"$(inherited)",
					"@executable_path/Frameworks",
					"@loader_path/Frameworks",
				);
				MARKETING_VERSION = 1.0;
				PRODUCT_BUNDLE_IDENTIFIER = id.co.chrizers.TokyoSplashUITests;
				PRODUCT_NAME = "$(TARGET_NAME)";
				SWIFT_EMIT_LOC_STRINGS = NO;
				SWIFT_VERSION = 5.0;
				TARGETED_DEVICE_FAMILY = "1,2";
				TEST_TARGET_NAME = TokyoSplash;
			};
			name = Debug;
		};
		84E567FA2723EAED00E6F7FD /* Release */ = {
			isa = XCBuildConfiguration;
			buildSettings = {
				ALWAYS_EMBED_SWIFT_STANDARD_LIBRARIES = YES;
				CODE_SIGN_STYLE = Automatic;
				CURRENT_PROJECT_VERSION = 1;
				DEVELOPMENT_TEAM = 8GH3U9J536;
				GENERATE_INFOPLIST_FILE = YES;
				LD_RUNPATH_SEARCH_PATHS = (
					"$(inherited)",
					"@executable_path/Frameworks",
					"@loader_path/Frameworks",
				);
				MARKETING_VERSION = 1.0;
				PRODUCT_BUNDLE_IDENTIFIER = id.co.chrizers.TokyoSplashUITests;
				PRODUCT_NAME = "$(TARGET_NAME)";
				SWIFT_EMIT_LOC_STRINGS = NO;
				SWIFT_VERSION = 5.0;
				TARGETED_DEVICE_FAMILY = "1,2";
				TEST_TARGET_NAME = TokyoSplash;
			};
			name = Release;
		};
/* End XCBuildConfiguration section */

/* Begin XCConfigurationList section */
		84E567C32723EAEB00E6F7FD /* Build configuration list for PBXProject "TokyoSplash" */ = {
			isa = XCConfigurationList;
			buildConfigurations = (
				84E567F02723EAED00E6F7FD /* Debug */,
				84E567F12723EAED00E6F7FD /* Release */,
			);
			defaultConfigurationIsVisible = 0;
			defaultConfigurationName = Release;
		};
		84E567F22723EAED00E6F7FD /* Build configuration list for PBXNativeTarget "TokyoSplash" */ = {
			isa = XCConfigurationList;
			buildConfigurations = (
				84E567F32723EAED00E6F7FD /* Debug */,
				84E567F42723EAED00E6F7FD /* Release */,
			);
			defaultConfigurationIsVisible = 0;
			defaultConfigurationName = Release;
		};
		84E567F52723EAED00E6F7FD /* Build configuration list for PBXNativeTarget "TokyoSplashTests" */ = {
			isa = XCConfigurationList;
			buildConfigurations = (
				84E567F62723EAED00E6F7FD /* Debug */,
				84E567F72723EAED00E6F7FD /* Release */,
			);
			defaultConfigurationIsVisible = 0;
			defaultConfigurationName = Release;
		};
		84E567F82723EAED00E6F7FD /* Build configuration list for PBXNativeTarget "TokyoSplashUITests" */ = {
			isa = XCConfigurationList;
			buildConfigurations = (
				84E567F92723EAED00E6F7FD /* Debug */,
				84E567FA2723EAED00E6F7FD /* Release */,
			);
			defaultConfigurationIsVisible = 0;
			defaultConfigurationName = Release;
		};
/* End XCConfigurationList section */
	};
	rootObject = 84E567C02723EAEB00E6F7FD /* Project object */;
}
